// !$*UTF8*$!
{
	archiveVersion = 1;
	classes = {
	};
	objectVersion = 50;
	objects = {

/* Begin PBXBuildFile section */
		686842EB23579F61004BABFB /* WelcomeController.swift in Sources */ = {isa = PBXBuildFile; fileRef = 686842EA23579F61004BABFB /* WelcomeController.swift */; };
		68F513D02350CF7C00F1156D /* AppDelegate.swift in Sources */ = {isa = PBXBuildFile; fileRef = 68F513CF2350CF7C00F1156D /* AppDelegate.swift */; };
		68F513D52350CF7C00F1156D /* Main.storyboard in Resources */ = {isa = PBXBuildFile; fileRef = 68F513D32350CF7C00F1156D /* Main.storyboard */; };
		68F513D72350CF7D00F1156D /* Assets.xcassets in Resources */ = {isa = PBXBuildFile; fileRef = 68F513D62350CF7D00F1156D /* Assets.xcassets */; };
		68F513DA2350CF7D00F1156D /* LaunchScreen.storyboard in Resources */ = {isa = PBXBuildFile; fileRef = 68F513D82350CF7D00F1156D /* LaunchScreen.storyboard */; };
		68F513E22350CFAD00F1156D /* ImgViewController.swift in Sources */ = {isa = PBXBuildFile; fileRef = 68F513E12350CFAD00F1156D /* ImgViewController.swift */; };
		68F513E42350E49600F1156D /* TableViewCell.swift in Sources */ = {isa = PBXBuildFile; fileRef = 68F513E32350E49600F1156D /* TableViewCell.swift */; };
		68F513E82350E77400F1156D /* FotoList.swift in Sources */ = {isa = PBXBuildFile; fileRef = 68F513E72350E77400F1156D /* FotoList.swift */; };
		68F513EA2351178000F1156D /* DetailViewController.swift in Sources */ = {isa = PBXBuildFile; fileRef = 68F513E92351178000F1156D /* DetailViewController.swift */; };
/* End PBXBuildFile section */

/* Begin PBXFileReference section */
		686842EA23579F61004BABFB /* WelcomeController.swift */ = {isa = PBXFileReference; lastKnownFileType = sourcecode.swift; path = WelcomeController.swift; sourceTree = "<group>"; };
		68F513CC2350CF7C00F1156D /* TableView3.0.app */ = {isa = PBXFileReference; explicitFileType = wrapper.application; includeInIndex = 0; path = TableView3.0.app; sourceTree = BUILT_PRODUCTS_DIR; };
		68F513CF2350CF7C00F1156D /* AppDelegate.swift */ = {isa = PBXFileReference; lastKnownFileType = sourcecode.swift; path = AppDelegate.swift; sourceTree = "<group>"; };
		68F513D42350CF7C00F1156D /* Base */ = {isa = PBXFileReference; lastKnownFileType = file.storyboard; name = Base; path = Base.lproj/Main.storyboard; sourceTree = "<group>"; };
		68F513D62350CF7D00F1156D /* Assets.xcassets */ = {isa = PBXFileReference; lastKnownFileType = folder.assetcatalog; path = Assets.xcassets; sourceTree = "<group>"; };
		68F513D92350CF7D00F1156D /* Base */ = {isa = PBXFileReference; lastKnownFileType = file.storyboard; name = Base; path = Base.lproj/LaunchScreen.storyboard; sourceTree = "<group>"; };
		68F513DB2350CF7D00F1156D /* Info.plist */ = {isa = PBXFileReference; lastKnownFileType = text.plist.xml; path = Info.plist; sourceTree = "<group>"; };
		68F513E12350CFAD00F1156D /* ImgViewController.swift */ = {isa = PBXFileReference; lastKnownFileType = sourcecode.swift; path = ImgViewController.swift; sourceTree = "<group>"; };
		68F513E32350E49600F1156D /* TableViewCell.swift */ = {isa = PBXFileReference; lastKnownFileType = sourcecode.swift; path = TableViewCell.swift; sourceTree = "<group>"; };
		68F513E72350E77400F1156D /* FotoList.swift */ = {isa = PBXFileReference; lastKnownFileType = sourcecode.swift; path = FotoList.swift; sourceTree = "<group>"; };
		68F513E92351178000F1156D /* DetailViewController.swift */ = {isa = PBXFileReference; lastKnownFileType = sourcecode.swift; path = DetailViewController.swift; sourceTree = "<group>"; };
/* End PBXFileReference section */

/* Begin PBXFrameworksBuildPhase section */
		68F513C92350CF7C00F1156D /* Frameworks */ = {
			isa = PBXFrameworksBuildPhase;
			buildActionMask = 2147483647;
			files = (
			);
			runOnlyForDeploymentPostprocessing = 0;
		};
/* End PBXFrameworksBuildPhase section */

/* Begin PBXGroup section */
		68F513C32350CF7C00F1156D = {
			isa = PBXGroup;
			children = (
				68F513CE2350CF7C00F1156D /* TableView3.0 */,
				68F513CD2350CF7C00F1156D /* Products */,
			);
			sourceTree = "<group>";
		};
		68F513CD2350CF7C00F1156D /* Products */ = {
			isa = PBXGroup;
			children = (
				68F513CC2350CF7C00F1156D /* TableView3.0.app */,
			);
			name = Products;
			sourceTree = "<group>";
		};
		68F513CE2350CF7C00F1156D /* TableView3.0 */ = {
			isa = PBXGroup;
			children = (
				68F513CF2350CF7C00F1156D /* AppDelegate.swift */,
				68F513E12350CFAD00F1156D /* ImgViewController.swift */,
				68F513E32350E49600F1156D /* TableViewCell.swift */,
				68F513E72350E77400F1156D /* FotoList.swift */,
				68F513E92351178000F1156D /* DetailViewController.swift */,
				68F513D32350CF7C00F1156D /* Main.storyboard */,
				68F513D62350CF7D00F1156D /* Assets.xcassets */,
				68F513D82350CF7D00F1156D /* LaunchScreen.storyboard */,
				68F513DB2350CF7D00F1156D /* Info.plist */,
				686842EA23579F61004BABFB /* WelcomeController.swift */,
			);
			path = TableView3.0;
			sourceTree = "<group>";
		};
/* End PBXGroup section */

/* Begin PBXNativeTarget section */
		68F513CB2350CF7C00F1156D /* TableView3.0 */ = {
			isa = PBXNativeTarget;
			buildConfigurationList = 68F513DE2350CF7D00F1156D /* Build configuration list for PBXNativeTarget "TableView3.0" */;
			buildPhases = (
				68F513C82350CF7C00F1156D /* Sources */,
				68F513C92350CF7C00F1156D /* Frameworks */,
				68F513CA2350CF7C00F1156D /* Resources */,
			);
			buildRules = (
			);
			dependencies = (
			);
			name = TableView3.0;
			productName = TableView3.0;
			productReference = 68F513CC2350CF7C00F1156D /* TableView3.0.app */;
			productType = "com.apple.product-type.application";
		};
/* End PBXNativeTarget section */

/* Begin PBXProject section */
		68F513C42350CF7C00F1156D /* Project object */ = {
			isa = PBXProject;
			attributes = {
				LastSwiftUpdateCheck = 1010;
				LastUpgradeCheck = 1010;
				ORGANIZATIONNAME = "Arturas Zube";
				TargetAttributes = {
					68F513CB2350CF7C00F1156D = {
						CreatedOnToolsVersion = 10.1;
					};
				};
			};
			buildConfigurationList = 68F513C72350CF7C00F1156D /* Build configuration list for PBXProject "TableView3.0" */;
			compatibilityVersion = "Xcode 9.3";
			developmentRegion = en;
			hasScannedForEncodings = 0;
			knownRegions = (
				en,
				Base,
			);
			mainGroup = 68F513C32350CF7C00F1156D;
			productRefGroup = 68F513CD2350CF7C00F1156D /* Products */;
			projectDirPath = "";
			projectRoot = "";
			targets = (
				68F513CB2350CF7C00F1156D /* TableView3.0 */,
			);
		};
/* End PBXProject section */

/* Begin PBXResourcesBuildPhase section */
		68F513CA2350CF7C00F1156D /* Resources */ = {
			isa = PBXResourcesBuildPhase;
			buildActionMask = 2147483647;
			files = (
				68F513DA2350CF7D00F1156D /* LaunchScreen.storyboard in Resources */,
				68F513D72350CF7D00F1156D /* Assets.xcassets in Resources */,
				68F513D52350CF7C00F1156D /* Main.storyboard in Resources */,
			);
			runOnlyForDeploymentPostprocessing = 0;
		};
/* End PBXResourcesBuildPhase section */

/* Begin PBXSourcesBuildPhase section */
		68F513C82350CF7C00F1156D /* Sources */ = {
			isa = PBXSourcesBuildPhase;
			buildActionMask = 2147483647;
			files = (
				686842EB23579F61004BABFB /* WelcomeController.swift in Sources */,
				68F513E42350E49600F1156D /* TableViewCell.swift in Sources */,
				68F513E82350E77400F1156D /* FotoList.swift in Sources */,
				68F513EA2351178000F1156D /* DetailViewController.swift in Sources */,
				68F513E22350CFAD00F1156D /* ImgViewController.swift in Sources */,
				68F513D02350CF7C00F1156D /* AppDelegate.swift in Sources */,
			);
			runOnlyForDeploymentPostprocessing = 0;
		};
/* End PBXSourcesBuildPhase section */

/* Begin PBXVariantGroup section */
		68F513D32350CF7C00F1156D /* Main.storyboard */ = {
			isa = PBXVariantGroup;
			children = (
				68F513D42350CF7C00F1156D /* Base */,
			);
			name = Main.storyboard;
			sourceTree = "<group>";
		};
		68F513D82350CF7D00F1156D /* LaunchScreen.storyboard */ = {
			isa = PBXVariantGroup;
			children = (
				68F513D92350CF7D00F1156D /* Base */,
			);
			name = LaunchScreen.storyboard;
			sourceTree = "<group>";
		};
/* End PBXVariantGroup section */

/* Begin XCBuildConfiguration section */
		68F513DC2350CF7D00F1156D /* Debug */ = {
			isa = XCBuildConfiguration;
			buildSettings = {
				ALWAYS_SEARCH_USER_PATHS = NO;
				CLANG_ANALYZER_NONNULL = YES;
				CLANG_ANALYZER_NUMBER_OBJECT_CONVERSION = YES_AGGRESSIVE;
				CLANG_CXX_LANGUAGE_STANDARD = "gnu++14";
				CLANG_CXX_LIBRARY = "libc++";
				CLANG_ENABLE_MODULES = YES;
				CLANG_ENABLE_OBJC_ARC = YES;
				CLANG_ENABLE_OBJC_WEAK = YES;
				CLANG_WARN_BLOCK_CAPTURE_AUTORELEASING = YES;
				CLANG_WARN_BOOL_CONVERSION = YES;
				CLANG_WARN_COMMA = YES;
				CLANG_WARN_CONSTANT_CONVERSION = YES;
				CLANG_WARN_DEPRECATED_OBJC_IMPLEMENTATIONS = YES;
				CLANG_WARN_DIRECT_OBJC_ISA_USAGE = YES_ERROR;
				CLANG_WARN_DOCUMENTATION_COMMENTS = YES;
				CLANG_WARN_EMPTY_BODY = YES;
				CLANG_WARN_ENUM_CONVERSION = YES;
				CLANG_WARN_INFINITE_RECURSION = YES;
				CLANG_WARN_INT_CONVERSION = YES;
				CLANG_WARN_NON_LITERAL_NULL_CONVERSION = YES;
				CLANG_WARN_OBJC_IMPLICIT_RETAIN_SELF = YES;
				CLANG_WARN_OBJC_LITERAL_CONVERSION = YES;
				CLANG_WARN_OBJC_ROOT_CLASS = YES_ERROR;
				CLANG_WARN_RANGE_LOOP_ANALYSIS = YES;
				CLANG_WARN_STRICT_PROTOTYPES = YES;
				CLANG_WARN_SUSPICIOUS_MOVE = YES;
				CLANG_WARN_UNGUARDED_AVAILABILITY = YES_AGGRESSIVE;
				CLANG_WARN_UNREACHABLE_CODE = YES;
				CLANG_WARN__DUPLICATE_METHOD_MATCH = YES;
				CODE_SIGN_IDENTITY = "iPhone Developer";
				COPY_PHASE_STRIP = NO;
				DEBUG_INFORMATION_FORMAT = dwarf;
				ENABLE_STRICT_OBJC_MSGSEND = YES;
				ENABLE_TESTABILITY = YES;
				GCC_C_LANGUAGE_STANDARD = gnu11;
				GCC_DYNAMIC_NO_PIC = NO;
				GCC_NO_COMMON_BLOCKS = YES;
				GCC_OPTIMIZATION_LEVEL = 0;
				GCC_PREPROCESSOR_DEFINITIONS = (
					"DEBUG=1",
					"$(inherited)",
				);
				GCC_WARN_64_TO_32_BIT_CONVERSION = YES;
				GCC_WARN_ABOUT_RETURN_TYPE = YES_ERROR;
				GCC_WARN_UNDECLARED_SELECTOR = YES;
				GCC_WARN_UNINITIALIZED_AUTOS = YES_AGGRESSIVE;
				GCC_WARN_UNUSED_FUNCTION = YES;
				GCC_WARN_UNUSED_VARIABLE = YES;
				IPHONEOS_DEPLOYMENT_TARGET = 12.1;
				MTL_ENABLE_DEBUG_INFO = INCLUDE_SOURCE;
				MTL_FAST_MATH = YES;
				ONLY_ACTIVE_ARCH = YES;
				SDKROOT = iphoneos;
				SWIFT_ACTIVE_COMPILATION_CONDITIONS = DEBUG;
				SWIFT_OPTIMIZATION_LEVEL = "-Onone";
			};
			name = Debug;
		};
		68F513DD2350CF7D00F1156D /* Release */ = {
			isa = XCBuildConfiguration;
			buildSettings = {
				ALWAYS_SEARCH_USER_PATHS = NO;
				CLANG_ANALYZER_NONNULL = YES;
				CLANG_ANALYZER_NUMBER_OBJECT_CONVERSION = YES_AGGRESSIVE;
				CLANG_CXX_LANGUAGE_STANDARD = "gnu++14";
				CLANG_CXX_LIBRARY = "libc++";
				CLANG_ENABLE_MODULES = YES;
				CLANG_ENABLE_OBJC_ARC = YES;
				CLANG_ENABLE_OBJC_WEAK = YES;
				CLANG_WARN_BLOCK_CAPTURE_AUTORELEASING = YES;
				CLANG_WARN_BOOL_CONVERSION = YES;
				CLANG_WARN_COMMA = YES;
				CLANG_WARN_CONSTANT_CONVERSION = YES;
				CLANG_WARN_DEPRECATED_OBJC_IMPLEMENTATIONS = YES;
				CLANG_WARN_DIRECT_OBJC_ISA_USAGE = YES_ERROR;
				CLANG_WARN_DOCUMENTATION_COMMENTS = YES;
				CLANG_WARN_EMPTY_BODY = YES;
				CLANG_WARN_ENUM_CONVERSION = YES;
				CLANG_WARN_INFINITE_RECURSION = YES;
				CLANG_WARN_INT_CONVERSION = YES;
				CLANG_WARN_NON_LITERAL_NULL_CONVERSION = YES;
				CLANG_WARN_OBJC_IMPLICIT_RETAIN_SELF = YES;
				CLANG_WARN_OBJC_LITERAL_CONVERSION = YES;
				CLANG_WARN_OBJC_ROOT_CLASS = YES_ERROR;
				CLANG_WARN_RANGE_LOOP_ANALYSIS = YES;
				CLANG_WARN_STRICT_PROTOTYPES = YES;
				CLANG_WARN_SUSPICIOUS_MOVE = YES;
				CLANG_WARN_UNGUARDED_AVAILABILITY = YES_AGGRESSIVE;
				CLANG_WARN_UNREACHABLE_CODE = YES;
				CLANG_WARN__DUPLICATE_METHOD_MATCH = YES;
				CODE_SIGN_IDENTITY = "iPhone Developer";
				COPY_PHASE_STRIP = NO;
				DEBUG_INFORMATION_FORMAT = "dwarf-with-dsym";
				ENABLE_NS_ASSERTIONS = NO;
				ENABLE_STRICT_OBJC_MSGSEND = YES;
				GCC_C_LANGUAGE_STANDARD = gnu11;
				GCC_NO_COMMON_BLOCKS = YES;
				GCC_WARN_64_TO_32_BIT_CONVERSION = YES;
				GCC_WARN_ABOUT_RETURN_TYPE = YES_ERROR;
				GCC_WARN_UNDECLARED_SELECTOR = YES;
				GCC_WARN_UNINITIALIZED_AUTOS = YES_AGGRESSIVE;
				GCC_WARN_UNUSED_FUNCTION = YES;
				GCC_WARN_UNUSED_VARIABLE = YES;
				IPHONEOS_DEPLOYMENT_TARGET = 12.1;
				MTL_ENABLE_DEBUG_INFO = NO;
				MTL_FAST_MATH = YES;
				SDKROOT = iphoneos;
				SWIFT_COMPILATION_MODE = wholemodule;
				SWIFT_OPTIMIZATION_LEVEL = "-O";
				VALIDATE_PRODUCT = YES;
			};
			name = Release;
		};
		68F513DF2350CF7D00F1156D /* Debug */ = {
			isa = XCBuildConfiguration;
			buildSettings = {
				ASSETCATALOG_COMPILER_APPICON_NAME = AppIcon;
				CODE_SIGN_STYLE = Automatic;
				DEVELOPMENT_TEAM = CWX7X64VF6;
				INFOPLIST_FILE = TableView3.0/Info.plist;
				LD_RUNPATH_SEARCH_PATHS = (
					"$(inherited)",
					"@executable_path/Frameworks",
				);
				PRODUCT_BUNDLE_IDENTIFIER = "com.codewitharturas.TableView3-0";
				PRODUCT_NAME = "$(TARGET_NAME)";
				SWIFT_VERSION = 4.2;
				TARGETED_DEVICE_FAMILY = "1,2";
			};
			name = Debug;
		};
		68F513E02350CF7D00F1156D /* Release */ = {
			isa = XCBuildConfiguration;
			buildSettings = {
				ASSETCATALOG_COMPILER_APPICON_NAME = AppIcon;
				CODE_SIGN_STYLE = Automatic;
				DEVELOPMENT_TEAM = CWX7X64VF6;
				INFOPLIST_FILE = TableView3.0/Info.plist;
				LD_RUNPATH_SEARCH_PATHS = (
					"$(inherited)",
					"@executable_path/Frameworks",
				);
				PRODUCT_BUNDLE_IDENTIFIER = "com.codewitharturas.TableView3-0";
				PRODUCT_NAME = "$(TARGET_NAME)";
				SWIFT_VERSION = 4.2;
				TARGETED_DEVICE_FAMILY = "1,2";
			};
			name = Release;
		};
/* End XCBuildConfiguration section */

/* Begin XCConfigurationList section */
		68F513C72350CF7C00F1156D /* Build configuration list for PBXProject "TableView3.0" */ = {
			isa = XCConfigurationList;
			buildConfigurations = (
				68F513DC2350CF7D00F1156D /* Debug */,
				68F513DD2350CF7D00F1156D /* Release */,
			);
			defaultConfigurationIsVisible = 0;
			defaultConfigurationName = Release;
		};
		68F513DE2350CF7D00F1156D /* Build configuration list for PBXNativeTarget "TableView3.0" */ = {
			isa = XCConfigurationList;
			buildConfigurations = (
				68F513DF2350CF7D00F1156D /* Debug */,
				68F513E02350CF7D00F1156D /* Release */,
			);
			defaultConfigurationIsVisible = 0;
			defaultConfigurationName = Release;
		};
/* End XCConfigurationList section */
	};
	rootObject = 68F513C42350CF7C00F1156D /* Project object */;
}
